github.com/pierrec/lz4/v4 v4.1.17 h1:kV4Ip+/hUBC+8T6+2EgburRtkE9ef4nbY3f4dFhGjMc=
github.com/pierrec/lz4/v4 v4.1.17/go.mod h1:gZWDp/Ze/IJXGXf23ltt2EXimqmTUXEy0GFuRQyBid4=
github.com/zhyee/zipiterator v0.0.0-20230131074456-7991053d4e4c h1:tO5MoCOjEBeBjiGbbosD0enqbQbUs8dS68GdofMFwyk=
github.com/zhyee/zipiterator v0.0.0-20230131074456-7991053d4e4c/go.mod h1:1gGf1dwggKFcrzlBJ/Dzp7hFDP1WZtfY/zxFKLezjyE=
github.com/zhyee/zipiterator v0.0.0-20230131124849-a7a0412cef9c h1:OQy7KkRnFCe/az7J4ZMTwivclG1jyjnWw+hpCQ6qDDs=
github.com/zhyee/zipiterator v0.0.0-20230131124849-a7a0412cef9c/go.mod h1:1gGf1dwggKFcrzlBJ/Dzp7hFDP1WZtfY/zxFKLezjyE=
